// !$*UTF8*$!
{
	archiveVersion = 1;
	classes = {
	};
	objectVersion = 48;
	objects = {

/* Begin PBXBuildFile section */
		1F2E56801F8940050019D679 /* AppDelegate.swift in Sources */ = {isa = PBXBuildFile; fileRef = 1F2E567F1F8940050019D679 /* AppDelegate.swift */; };
		1F2E56821F8940050019D679 /* ViewController.swift in Sources */ = {isa = PBXBuildFile; fileRef = 1F2E56811F8940050019D679 /* ViewController.swift */; };
		1F2E56851F8940050019D679 /* Main.storyboard in Resources */ = {isa = PBXBuildFile; fileRef = 1F2E56831F8940050019D679 /* Main.storyboard */; };
		1F2E56881F8940050019D679 /* fotowalkers.xcdatamodeld in Sources */ = {isa = PBXBuildFile; fileRef = 1F2E56861F8940050019D679 /* fotowalkers.xcdatamodeld */; };
		1F2E568A1F8940050019D679 /* Assets.xcassets in Resources */ = {isa = PBXBuildFile; fileRef = 1F2E56891F8940050019D679 /* Assets.xcassets */; };
		1F2E568D1F8940050019D679 /* LaunchScreen.storyboard in Resources */ = {isa = PBXBuildFile; fileRef = 1F2E568B1F8940050019D679 /* LaunchScreen.storyboard */; };
		1F2E56961F89529F0019D679 /* MapKit.framework in Frameworks */ = {isa = PBXBuildFile; fileRef = 1F2E56951F89529F0019D679 /* MapKit.framework */; };
		1F524D371F8A5B9100E3749D /* NewSpotNameViewController.swift in Sources */ = {isa = PBXBuildFile; fileRef = 1F524D361F8A5B9100E3749D /* NewSpotNameViewController.swift */; };
		1F58F79B1F914A9100B1FB05 /* SpotInfo.swift in Sources */ = {isa = PBXBuildFile; fileRef = 1F58F79A1F914A9100B1FB05 /* SpotInfo.swift */; };
		1FC9A80E1F8A4EBE00580872 /* PreferencesViewController.swift in Sources */ = {isa = PBXBuildFile; fileRef = 1FC9A80D1F8A4EBE00580872 /* PreferencesViewController.swift */; };
		1FCF1F3E1F8D60D60006B1C1 /* NewSpotLocationViewController.swift in Sources */ = {isa = PBXBuildFile; fileRef = 1FCF1F3D1F8D60D60006B1C1 /* NewSpotLocationViewController.swift */; };
		24B2C3BA8C19B4FD1F43EB17 /* Pods_fotowalkers.framework in Frameworks */ = {isa = PBXBuildFile; fileRef = 1DE47005BD9E53BCBD27418D /* Pods_fotowalkers.framework */; };
/* End PBXBuildFile section */

/* Begin PBXFileReference section */
		1DE47005BD9E53BCBD27418D /* Pods_fotowalkers.framework */ = {isa = PBXFileReference; explicitFileType = wrapper.framework; includeInIndex = 0; path = Pods_fotowalkers.framework; sourceTree = BUILT_PRODUCTS_DIR; };
		1F2E567C1F8940050019D679 /* fotowalkers.app */ = {isa = PBXFileReference; explicitFileType = wrapper.application; includeInIndex = 0; path = fotowalkers.app; sourceTree = BUILT_PRODUCTS_DIR; };
		1F2E567F1F8940050019D679 /* AppDelegate.swift */ = {isa = PBXFileReference; lastKnownFileType = sourcecode.swift; path = AppDelegate.swift; sourceTree = "<group>"; };
		1F2E56811F8940050019D679 /* ViewController.swift */ = {isa = PBXFileReference; lastKnownFileType = sourcecode.swift; path = ViewController.swift; sourceTree = "<group>"; };
		1F2E56841F8940050019D679 /* Base */ = {isa = PBXFileReference; lastKnownFileType = file.storyboard; name = Base; path = Base.lproj/Main.storyboard; sourceTree = "<group>"; };
		1F2E56871F8940050019D679 /* fotowalkers.xcdatamodel */ = {isa = PBXFileReference; lastKnownFileType = wrapper.xcdatamodel; path = fotowalkers.xcdatamodel; sourceTree = "<group>"; };
		1F2E56891F8940050019D679 /* Assets.xcassets */ = {isa = PBXFileReference; lastKnownFileType = folder.assetcatalog; path = Assets.xcassets; sourceTree = "<group>"; };
		1F2E568C1F8940050019D679 /* Base */ = {isa = PBXFileReference; lastKnownFileType = file.storyboard; name = Base; path = Base.lproj/LaunchScreen.storyboard; sourceTree = "<group>"; };
		1F2E568E1F8940050019D679 /* Info.plist */ = {isa = PBXFileReference; lastKnownFileType = text.plist.xml; path = Info.plist; sourceTree = "<group>"; };
		1F2E56951F89529F0019D679 /* MapKit.framework */ = {isa = PBXFileReference; lastKnownFileType = wrapper.framework; name = MapKit.framework; path = System/Library/Frameworks/MapKit.framework; sourceTree = SDKROOT; };
		1F2E56971F8957260019D679 /* Mapbox.framework */ = {isa = PBXFileReference; lastKnownFileType = wrapper.framework; name = Mapbox.framework; path = "dependencies/mapbox-ios-sdk-3.7.0-beta.1/static/Mapbox.framework"; sourceTree = "<group>"; };
		1F524D361F8A5B9100E3749D /* NewSpotNameViewController.swift */ = {isa = PBXFileReference; lastKnownFileType = sourcecode.swift; path = NewSpotNameViewController.swift; sourceTree = "<group>"; };
		1F58F79A1F914A9100B1FB05 /* SpotInfo.swift */ = {isa = PBXFileReference; lastKnownFileType = sourcecode.swift; path = SpotInfo.swift; sourceTree = "<group>"; };
		1FC9A80D1F8A4EBE00580872 /* PreferencesViewController.swift */ = {isa = PBXFileReference; lastKnownFileType = sourcecode.swift; path = PreferencesViewController.swift; sourceTree = "<group>"; };
		1FCF1F3D1F8D60D60006B1C1 /* NewSpotLocationViewController.swift */ = {isa = PBXFileReference; lastKnownFileType = sourcecode.swift; path = NewSpotLocationViewController.swift; sourceTree = "<group>"; };
		3BA54BB726714D77304D33A5 /* Pods-fotowalkers.release.xcconfig */ = {isa = PBXFileReference; includeInIndex = 1; lastKnownFileType = text.xcconfig; name = "Pods-fotowalkers.release.xcconfig"; path = "Pods/Target Support Files/Pods-fotowalkers/Pods-fotowalkers.release.xcconfig"; sourceTree = "<group>"; };
		8CA69CE9F825875E8012C113 /* Pods-fotowalkers.debug.xcconfig */ = {isa = PBXFileReference; includeInIndex = 1; lastKnownFileType = text.xcconfig; name = "Pods-fotowalkers.debug.xcconfig"; path = "Pods/Target Support Files/Pods-fotowalkers/Pods-fotowalkers.debug.xcconfig"; sourceTree = "<group>"; };
/* End PBXFileReference section */

/* Begin PBXFrameworksBuildPhase section */
		1F2E56791F8940050019D679 /* Frameworks */ = {
			isa = PBXFrameworksBuildPhase;
			buildActionMask = 2147483647;
			files = (
				1F2E56961F89529F0019D679 /* MapKit.framework in Frameworks */,
				24B2C3BA8C19B4FD1F43EB17 /* Pods_fotowalkers.framework in Frameworks */,
			);
			runOnlyForDeploymentPostprocessing = 0;
		};
/* End PBXFrameworksBuildPhase section */

/* Begin PBXGroup section */
		1F2E56731F8940040019D679 = {
			isa = PBXGroup;
			children = (
				1F2E567E1F8940050019D679 /* fotowalkers */,
				1F2E567D1F8940050019D679 /* Products */,
				1F2E56941F89529F0019D679 /* Frameworks */,
				636CD04F1C581432A1BCDB08 /* Pods */,
			);
			sourceTree = "<group>";
		};
		1F2E567D1F8940050019D679 /* Products */ = {
			isa = PBXGroup;
			children = (
				1F2E567C1F8940050019D679 /* fotowalkers.app */,
			);
			name = Products;
			sourceTree = "<group>";
		};
		1F2E567E1F8940050019D679 /* fotowalkers */ = {
			isa = PBXGroup;
			children = (
				1F2E56831F8940050019D679 /* Main.storyboard */,
				1F2E568B1F8940050019D679 /* LaunchScreen.storyboard */,
				1F2E56891F8940050019D679 /* Assets.xcassets */,
				1F2E568E1F8940050019D679 /* Info.plist */,
				1F2E56861F8940050019D679 /* fotowalkers.xcdatamodeld */,
				1F524D351F8A553E00E3749D /* src */,
			);
			path = fotowalkers;
			sourceTree = "<group>";
		};
		1F2E56941F89529F0019D679 /* Frameworks */ = {
			isa = PBXGroup;
			children = (
				1F2E56971F8957260019D679 /* Mapbox.framework */,
				1F2E56951F89529F0019D679 /* MapKit.framework */,
				1DE47005BD9E53BCBD27418D /* Pods_fotowalkers.framework */,
			);
			name = Frameworks;
			sourceTree = "<group>";
		};
		1F524D351F8A553E00E3749D /* src */ = {
			isa = PBXGroup;
			children = (
				1F2E567F1F8940050019D679 /* AppDelegate.swift */,
				1F2E56811F8940050019D679 /* ViewController.swift */,
				1FC9A80D1F8A4EBE00580872 /* PreferencesViewController.swift */,
				1FCF1F3D1F8D60D60006B1C1 /* NewSpotLocationViewController.swift */,
				1F524D361F8A5B9100E3749D /* NewSpotNameViewController.swift */,
				1F58F79A1F914A9100B1FB05 /* SpotInfo.swift */,
			);
			path = src;
			sourceTree = "<group>";
		};
		636CD04F1C581432A1BCDB08 /* Pods */ = {
			isa = PBXGroup;
			children = (
				8CA69CE9F825875E8012C113 /* Pods-fotowalkers.debug.xcconfig */,
				3BA54BB726714D77304D33A5 /* Pods-fotowalkers.release.xcconfig */,
			);
			name = Pods;
			sourceTree = "<group>";
		};
/* End PBXGroup section */

/* Begin PBXNativeTarget section */
		1F2E567B1F8940050019D679 /* fotowalkers */ = {
			isa = PBXNativeTarget;
			buildConfigurationList = 1F2E56911F8940050019D679 /* Build configuration list for PBXNativeTarget "fotowalkers" */;
			buildPhases = (
				62EB98B60E27190A1F3D1EBA /* [CP] Check Pods Manifest.lock */,
				1F2E56781F8940050019D679 /* Sources */,
				1F2E56791F8940050019D679 /* Frameworks */,
				1F2E567A1F8940050019D679 /* Resources */,
				82F91816308E77838DA0F41A /* [CP] Embed Pods Frameworks */,
				4C3FF76FB5C960692D4DFA58 /* [CP] Copy Pods Resources */,
			);
			buildRules = (
			);
			dependencies = (
			);
			name = fotowalkers;
			productName = fotowalkers;
			productReference = 1F2E567C1F8940050019D679 /* fotowalkers.app */;
			productType = "com.apple.product-type.application";
		};
/* End PBXNativeTarget section */

/* Begin PBXProject section */
		1F2E56741F8940040019D679 /* Project object */ = {
			isa = PBXProject;
			attributes = {
				LastSwiftUpdateCheck = 0900;
				LastUpgradeCheck = 0900;
				ORGANIZATIONNAME = "Marcel Kummer";
				TargetAttributes = {
					1F2E567B1F8940050019D679 = {
						CreatedOnToolsVersion = 9.0;
						ProvisioningStyle = Automatic;
						SystemCapabilities = {
							com.apple.Maps.iOS = {
								enabled = 1;
							};
						};
					};
				};
			};
			buildConfigurationList = 1F2E56771F8940040019D679 /* Build configuration list for PBXProject "fotowalkers" */;
			compatibilityVersion = "Xcode 8.0";
			developmentRegion = en;
			hasScannedForEncodings = 0;
			knownRegions = (
				en,
				Base,
			);
			mainGroup = 1F2E56731F8940040019D679;
			productRefGroup = 1F2E567D1F8940050019D679 /* Products */;
			projectDirPath = "";
			projectRoot = "";
			targets = (
				1F2E567B1F8940050019D679 /* fotowalkers */,
			);
		};
/* End PBXProject section */

/* Begin PBXResourcesBuildPhase section */
		1F2E567A1F8940050019D679 /* Resources */ = {
			isa = PBXResourcesBuildPhase;
			buildActionMask = 2147483647;
			files = (
				1F2E568D1F8940050019D679 /* LaunchScreen.storyboard in Resources */,
				1F2E568A1F8940050019D679 /* Assets.xcassets in Resources */,
				1F2E56851F8940050019D679 /* Main.storyboard in Resources */,
			);
			runOnlyForDeploymentPostprocessing = 0;
		};
/* End PBXResourcesBuildPhase section */

/* Begin PBXShellScriptBuildPhase section */
		4C3FF76FB5C960692D4DFA58 /* [CP] Copy Pods Resources */ = {
			isa = PBXShellScriptBuildPhase;
			buildActionMask = 2147483647;
			files = (
			);
			inputPaths = (
			);
			name = "[CP] Copy Pods Resources";
			outputPaths = (
			);
			runOnlyForDeploymentPostprocessing = 0;
			shellPath = /bin/sh;
			shellScript = "\"${SRCROOT}/Pods/Target Support Files/Pods-fotowalkers/Pods-fotowalkers-resources.sh\"\n";
			showEnvVarsInLog = 0;
		};
		62EB98B60E27190A1F3D1EBA /* [CP] Check Pods Manifest.lock */ = {
			isa = PBXShellScriptBuildPhase;
			buildActionMask = 2147483647;
			files = (
			);
			inputPaths = (
				"${PODS_PODFILE_DIR_PATH}/Podfile.lock",
				"${PODS_ROOT}/Manifest.lock",
			);
			name = "[CP] Check Pods Manifest.lock";
			outputPaths = (
				"$(DERIVED_FILE_DIR)/Pods-fotowalkers-checkManifestLockResult.txt",
			);
			runOnlyForDeploymentPostprocessing = 0;
			shellPath = /bin/sh;
			shellScript = "diff \"${PODS_PODFILE_DIR_PATH}/Podfile.lock\" \"${PODS_ROOT}/Manifest.lock\" > /dev/null\nif [ $? != 0 ] ; then\n    # print error to STDERR\n    echo \"error: The sandbox is not in sync with the Podfile.lock. Run 'pod install' or update your CocoaPods installation.\" >&2\n    exit 1\nfi\n# This output is used by Xcode 'outputs' to avoid re-running this script phase.\necho \"SUCCESS\" > \"${SCRIPT_OUTPUT_FILE_0}\"\n";
			showEnvVarsInLog = 0;
		};
		82F91816308E77838DA0F41A /* [CP] Embed Pods Frameworks */ = {
			isa = PBXShellScriptBuildPhase;
			buildActionMask = 2147483647;
			files = (
			);
			inputPaths = (
				"${SRCROOT}/Pods/Target Support Files/Pods-fotowalkers/Pods-fotowalkers-frameworks.sh",
				"${PODS_ROOT}/Mapbox-iOS-SDK/dynamic/Mapbox.framework",
				"${PODS_ROOT}/Mapbox-iOS-SDK/dynamic/Mapbox.framework.dSYM",
			);
			name = "[CP] Embed Pods Frameworks";
			outputPaths = (
				"${TARGET_BUILD_DIR}/${FRAMEWORKS_FOLDER_PATH}/Mapbox.framework",
				"${DWARF_DSYM_FOLDER_PATH}/Mapbox.framework.dSYM",
			);
			runOnlyForDeploymentPostprocessing = 0;
			shellPath = /bin/sh;
			shellScript = "\"${SRCROOT}/Pods/Target Support Files/Pods-fotowalkers/Pods-fotowalkers-frameworks.sh\"\n";
			showEnvVarsInLog = 0;
		};
/* End PBXShellScriptBuildPhase section */

/* Begin PBXSourcesBuildPhase section */
		1F2E56781F8940050019D679 /* Sources */ = {
			isa = PBXSourcesBuildPhase;
			buildActionMask = 2147483647;
			files = (
				1F524D371F8A5B9100E3749D /* NewSpotNameViewController.swift in Sources */,
				1F2E56821F8940050019D679 /* ViewController.swift in Sources */,
				1F2E56801F8940050019D679 /* AppDelegate.swift in Sources */,
				1F58F79B1F914A9100B1FB05 /* SpotInfo.swift in Sources */,
				1F2E56881F8940050019D679 /* fotowalkers.xcdatamodeld in Sources */,
				1FC9A80E1F8A4EBE00580872 /* PreferencesViewController.swift in Sources */,
				1FCF1F3E1F8D60D60006B1C1 /* NewSpotLocationViewController.swift in Sources */,
			);
			runOnlyForDeploymentPostprocessing = 0;
		};
/* End PBXSourcesBuildPhase section */

/* Begin PBXVariantGroup section */
		1F2E56831F8940050019D679 /* Main.storyboard */ = {
			isa = PBXVariantGroup;
			children = (
				1F2E56841F8940050019D679 /* Base */,
			);
			name = Main.storyboard;
			sourceTree = "<group>";
		};
		1F2E568B1F8940050019D679 /* LaunchScreen.storyboard */ = {
			isa = PBXVariantGroup;
			children = (
				1F2E568C1F8940050019D679 /* Base */,
			);
			name = LaunchScreen.storyboard;
			sourceTree = "<group>";
		};
/* End PBXVariantGroup section */

/* Begin XCBuildConfiguration section */
		1F2E568F1F8940050019D679 /* Debug */ = {
			isa = XCBuildConfiguration;
			buildSettings = {
				ALWAYS_SEARCH_USER_PATHS = NO;
				CLANG_ANALYZER_NONNULL = YES;
				CLANG_ANALYZER_NUMBER_OBJECT_CONVERSION = YES_AGGRESSIVE;
				CLANG_CXX_LANGUAGE_STANDARD = "gnu++14";
				CLANG_CXX_LIBRARY = "libc++";
				CLANG_ENABLE_MODULES = YES;
				CLANG_ENABLE_OBJC_ARC = YES;
				CLANG_WARN_BLOCK_CAPTURE_AUTORELEASING = YES;
				CLANG_WARN_BOOL_CONVERSION = YES;
				CLANG_WARN_COMMA = YES;
				CLANG_WARN_CONSTANT_CONVERSION = YES;
				CLANG_WARN_DIRECT_OBJC_ISA_USAGE = YES_ERROR;
				CLANG_WARN_DOCUMENTATION_COMMENTS = YES;
				CLANG_WARN_EMPTY_BODY = YES;
				CLANG_WARN_ENUM_CONVERSION = YES;
				CLANG_WARN_INFINITE_RECURSION = YES;
				CLANG_WARN_INT_CONVERSION = YES;
				CLANG_WARN_NON_LITERAL_NULL_CONVERSION = YES;
				CLANG_WARN_OBJC_LITERAL_CONVERSION = YES;
				CLANG_WARN_OBJC_ROOT_CLASS = YES_ERROR;
				CLANG_WARN_RANGE_LOOP_ANALYSIS = YES;
				CLANG_WARN_STRICT_PROTOTYPES = YES;
				CLANG_WARN_SUSPICIOUS_MOVE = YES;
				CLANG_WARN_UNGUARDED_AVAILABILITY = YES_AGGRESSIVE;
				CLANG_WARN_UNREACHABLE_CODE = YES;
				CLANG_WARN__DUPLICATE_METHOD_MATCH = YES;
				CODE_SIGN_IDENTITY = "iPhone Developer";
				COPY_PHASE_STRIP = NO;
				DEBUG_INFORMATION_FORMAT = dwarf;
				ENABLE_STRICT_OBJC_MSGSEND = YES;
				ENABLE_TESTABILITY = YES;
				GCC_C_LANGUAGE_STANDARD = gnu11;
				GCC_DYNAMIC_NO_PIC = NO;
				GCC_NO_COMMON_BLOCKS = YES;
				GCC_OPTIMIZATION_LEVEL = 0;
				GCC_PREPROCESSOR_DEFINITIONS = (
					"DEBUG=1",
					"$(inherited)",
				);
				GCC_WARN_64_TO_32_BIT_CONVERSION = YES;
				GCC_WARN_ABOUT_RETURN_TYPE = YES_ERROR;
				GCC_WARN_UNDECLARED_SELECTOR = YES;
				GCC_WARN_UNINITIALIZED_AUTOS = YES_AGGRESSIVE;
				GCC_WARN_UNUSED_FUNCTION = YES;
				GCC_WARN_UNUSED_VARIABLE = YES;
				IPHONEOS_DEPLOYMENT_TARGET = 11.0;
				MTL_ENABLE_DEBUG_INFO = YES;
				ONLY_ACTIVE_ARCH = YES;
				SDKROOT = iphoneos;
				SWIFT_ACTIVE_COMPILATION_CONDITIONS = DEBUG;
				SWIFT_OPTIMIZATION_LEVEL = "-Onone";
			};
			name = Debug;
		};
		1F2E56901F8940050019D679 /* Release */ = {
			isa = XCBuildConfiguration;
			buildSettings = {
				ALWAYS_SEARCH_USER_PATHS = NO;
				CLANG_ANALYZER_NONNULL = YES;
				CLANG_ANALYZER_NUMBER_OBJECT_CONVERSION = YES_AGGRESSIVE;
				CLANG_CXX_LANGUAGE_STANDARD = "gnu++14";
				CLANG_CXX_LIBRARY = "libc++";
				CLANG_ENABLE_MODULES = YES;
				CLANG_ENABLE_OBJC_ARC = YES;
				CLANG_WARN_BLOCK_CAPTURE_AUTORELEASING = YES;
				CLANG_WARN_BOOL_CONVERSION = YES;
				CLANG_WARN_COMMA = YES;
				CLANG_WARN_CONSTANT_CONVERSION = YES;
				CLANG_WARN_DIRECT_OBJC_ISA_USAGE = YES_ERROR;
				CLANG_WARN_DOCUMENTATION_COMMENTS = YES;
				CLANG_WARN_EMPTY_BODY = YES;
				CLANG_WARN_ENUM_CONVERSION = YES;
				CLANG_WARN_INFINITE_RECURSION = YES;
				CLANG_WARN_INT_CONVERSION = YES;
				CLANG_WARN_NON_LITERAL_NULL_CONVERSION = YES;
				CLANG_WARN_OBJC_LITERAL_CONVERSION = YES;
				CLANG_WARN_OBJC_ROOT_CLASS = YES_ERROR;
				CLANG_WARN_RANGE_LOOP_ANALYSIS = YES;
				CLANG_WARN_STRICT_PROTOTYPES = YES;
				CLANG_WARN_SUSPICIOUS_MOVE = YES;
				CLANG_WARN_UNGUARDED_AVAILABILITY = YES_AGGRESSIVE;
				CLANG_WARN_UNREACHABLE_CODE = YES;
				CLANG_WARN__DUPLICATE_METHOD_MATCH = YES;
				CODE_SIGN_IDENTITY = "iPhone Developer";
				COPY_PHASE_STRIP = NO;
				DEBUG_INFORMATION_FORMAT = "dwarf-with-dsym";
				ENABLE_NS_ASSERTIONS = NO;
				ENABLE_STRICT_OBJC_MSGSEND = YES;
				GCC_C_LANGUAGE_STANDARD = gnu11;
				GCC_NO_COMMON_BLOCKS = YES;
				GCC_WARN_64_TO_32_BIT_CONVERSION = YES;
				GCC_WARN_ABOUT_RETURN_TYPE = YES_ERROR;
				GCC_WARN_UNDECLARED_SELECTOR = YES;
				GCC_WARN_UNINITIALIZED_AUTOS = YES_AGGRESSIVE;
				GCC_WARN_UNUSED_FUNCTION = YES;
				GCC_WARN_UNUSED_VARIABLE = YES;
				IPHONEOS_DEPLOYMENT_TARGET = 11.0;
				MTL_ENABLE_DEBUG_INFO = NO;
				SDKROOT = iphoneos;
				SWIFT_OPTIMIZATION_LEVEL = "-Owholemodule";
				VALIDATE_PRODUCT = YES;
			};
			name = Release;
		};
		1F2E56921F8940050019D679 /* Debug */ = {
			isa = XCBuildConfiguration;
			baseConfigurationReference = 8CA69CE9F825875E8012C113 /* Pods-fotowalkers.debug.xcconfig */;
			buildSettings = {
				ASSETCATALOG_COMPILER_APPICON_NAME = AppIcon;
				CODE_SIGN_STYLE = Automatic;
				DEVELOPMENT_TEAM = UM6B3U65FX;
				FRAMEWORK_SEARCH_PATHS = "$(inherited)";
				INFOPLIST_FILE = fotowalkers/Info.plist;
				LD_RUNPATH_SEARCH_PATHS = "$(inherited) @executable_path/Frameworks";
				PRODUCT_BUNDLE_IDENTIFIER = de.fotowalkers.fotowalkers;
				PRODUCT_NAME = "$(TARGET_NAME)";
				SWIFT_VERSION = 4.0;
				TARGETED_DEVICE_FAMILY = "1,2";
			};
			name = Debug;
		};
		1F2E56931F8940050019D679 /* Release */ = {
			isa = XCBuildConfiguration;
			baseConfigurationReference = 3BA54BB726714D77304D33A5 /* Pods-fotowalkers.release.xcconfig */;
			buildSettings = {
				ASSETCATALOG_COMPILER_APPICON_NAME = AppIcon;
				CODE_SIGN_STYLE = Automatic;
				DEVELOPMENT_TEAM = UM6B3U65FX;
				FRAMEWORK_SEARCH_PATHS = "$(inherited)";
				INFOPLIST_FILE = fotowalkers/Info.plist;
				LD_RUNPATH_SEARCH_PATHS = "$(inherited) @executable_path/Frameworks";
				PRODUCT_BUNDLE_IDENTIFIER = de.fotowalkers.fotowalkers;
				PRODUCT_NAME = "$(TARGET_NAME)";
				SWIFT_VERSION = 4.0;
				TARGETED_DEVICE_FAMILY = "1,2";
			};
			name = Release;
		};
/* End XCBuildConfiguration section */

/* Begin XCConfigurationList section */
		1F2E56771F8940040019D679 /* Build configuration list for PBXProject "fotowalkers" */ = {
			isa = XCConfigurationList;
			buildConfigurations = (
				1F2E568F1F8940050019D679 /* Debug */,
				1F2E56901F8940050019D679 /* Release */,
			);
			defaultConfigurationIsVisible = 0;
			defaultConfigurationName = Release;
		};
		1F2E56911F8940050019D679 /* Build configuration list for PBXNativeTarget "fotowalkers" */ = {
			isa = XCConfigurationList;
			buildConfigurations = (
				1F2E56921F8940050019D679 /* Debug */,
				1F2E56931F8940050019D679 /* Release */,
			);
			defaultConfigurationIsVisible = 0;
			defaultConfigurationName = Release;
		};
/* End XCConfigurationList section */

/* Begin XCVersionGroup section */
		1F2E56861F8940050019D679 /* fotowalkers.xcdatamodeld */ = {
			isa = XCVersionGroup;
			children = (
				1F2E56871F8940050019D679 /* fotowalkers.xcdatamodel */,
			);
			currentVersion = 1F2E56871F8940050019D679 /* fotowalkers.xcdatamodel */;
			path = fotowalkers.xcdatamodeld;
			sourceTree = "<group>";
			versionGroupType = wrapper.xcdatamodel;
		};
/* End XCVersionGroup section */
	};
	rootObject = 1F2E56741F8940040019D679 /* Project object */;
}
